// !$*UTF8*$!
{
	archiveVersion = 1;
	classes = {
	};
	objectVersion = 50;
	objects = {

/* Begin PBXBuildFile section */
		DB2E87D522A7C46A00F4E710 /* AppDelegate.swift in Sources */ = {isa = PBXBuildFile; fileRef = DB2E87D422A7C46A00F4E710 /* AppDelegate.swift */; };
		DB2E87D722A7C46A00F4E710 /* SceneDelegate.swift in Sources */ = {isa = PBXBuildFile; fileRef = DB2E87D622A7C46A00F4E710 /* SceneDelegate.swift */; };
		DB2E87DC22A7C46A00F4E710 /* Main.storyboard in Resources */ = {isa = PBXBuildFile; fileRef = DB2E87DA22A7C46A00F4E710 /* Main.storyboard */; };
		DB2E87DE22A7C46B00F4E710 /* Assets.xcassets in Resources */ = {isa = PBXBuildFile; fileRef = DB2E87DD22A7C46B00F4E710 /* Assets.xcassets */; };
		DB2E87E122A7C46B00F4E710 /* LaunchScreen.storyboard in Resources */ = {isa = PBXBuildFile; fileRef = DB2E87DF22A7C46B00F4E710 /* LaunchScreen.storyboard */; };
		DB2E87EB22A7CAAF00F4E710 /* AuthenticationServices.framework in Frameworks */ = {isa = PBXBuildFile; fileRef = DB2E87EA22A7CAAF00F4E710 /* AuthenticationServices.framework */; };
		DB2E87ED22A7CDF200F4E710 /* LogInViewController.swift in Sources */ = {isa = PBXBuildFile; fileRef = DB2E87EC22A7CDF200F4E710 /* LogInViewController.swift */; };
		DB2E87EF22A7CE0C00F4E710 /* HomeViewController.swift in Sources */ = {isa = PBXBuildFile; fileRef = DB2E87EE22A7CE0C00F4E710 /* HomeViewController.swift */; };
/* End PBXBuildFile section */

/* Begin PBXFileReference section */
		DB2E87D122A7C46A00F4E710 /* SignInWithAppleDemo.app */ = {isa = PBXFileReference; explicitFileType = wrapper.application; includeInIndex = 0; path = SignInWithAppleDemo.app; sourceTree = BUILT_PRODUCTS_DIR; };
		DB2E87D422A7C46A00F4E710 /* AppDelegate.swift */ = {isa = PBXFileReference; lastKnownFileType = sourcecode.swift; path = AppDelegate.swift; sourceTree = "<group>"; };
		DB2E87D622A7C46A00F4E710 /* SceneDelegate.swift */ = {isa = PBXFileReference; lastKnownFileType = sourcecode.swift; path = SceneDelegate.swift; sourceTree = "<group>"; };
		DB2E87DB22A7C46A00F4E710 /* Base */ = {isa = PBXFileReference; lastKnownFileType = file.storyboard; name = Base; path = Base.lproj/Main.storyboard; sourceTree = "<group>"; };
		DB2E87DD22A7C46B00F4E710 /* Assets.xcassets */ = {isa = PBXFileReference; lastKnownFileType = folder.assetcatalog; path = Assets.xcassets; sourceTree = "<group>"; };
		DB2E87E022A7C46B00F4E710 /* Base */ = {isa = PBXFileReference; lastKnownFileType = file.storyboard; name = Base; path = Base.lproj/LaunchScreen.storyboard; sourceTree = "<group>"; };
		DB2E87E222A7C46B00F4E710 /* Info.plist */ = {isa = PBXFileReference; lastKnownFileType = text.plist.xml; path = Info.plist; sourceTree = "<group>"; };
		DB2E87E822A7CA0A00F4E710 /* SignInWithAppleDemo.entitlements */ = {isa = PBXFileReference; lastKnownFileType = text.plist.entitlements; path = SignInWithAppleDemo.entitlements; sourceTree = "<group>"; };
		DB2E87EA22A7CAAF00F4E710 /* AuthenticationServices.framework */ = {isa = PBXFileReference; lastKnownFileType = wrapper.framework; name = AuthenticationServices.framework; path = System/Library/Frameworks/AuthenticationServices.framework; sourceTree = SDKROOT; };
		DB2E87EC22A7CDF200F4E710 /* LogInViewController.swift */ = {isa = PBXFileReference; lastKnownFileType = sourcecode.swift; path = LogInViewController.swift; sourceTree = "<group>"; };
		DB2E87EE22A7CE0C00F4E710 /* HomeViewController.swift */ = {isa = PBXFileReference; lastKnownFileType = sourcecode.swift; path = HomeViewController.swift; sourceTree = "<group>"; };
/* End PBXFileReference section */

/* Begin PBXFrameworksBuildPhase section */
		DB2E87CE22A7C46A00F4E710 /* Frameworks */ = {
			isa = PBXFrameworksBuildPhase;
			buildActionMask = 2147483647;
			files = (
				DB2E87EB22A7CAAF00F4E710 /* AuthenticationServices.framework in Frameworks */,
			);
			runOnlyForDeploymentPostprocessing = 0;
		};
/* End PBXFrameworksBuildPhase section */

/* Begin PBXGroup section */
		DB2E87C822A7C46A00F4E710 = {
			isa = PBXGroup;
			children = (
				DB2E87D322A7C46A00F4E710 /* SignInWithAppleDemo */,
				DB2E87D222A7C46A00F4E710 /* Products */,
				DB2E87E922A7CAAF00F4E710 /* Frameworks */,
			);
			sourceTree = "<group>";
		};
		DB2E87D222A7C46A00F4E710 /* Products */ = {
			isa = PBXGroup;
			children = (
				DB2E87D122A7C46A00F4E710 /* SignInWithAppleDemo.app */,
			);
			name = Products;
			sourceTree = "<group>";
		};
		DB2E87D322A7C46A00F4E710 /* SignInWithAppleDemo */ = {
			isa = PBXGroup;
			children = (
				DB2E87E822A7CA0A00F4E710 /* SignInWithAppleDemo.entitlements */,
				DB2E87D422A7C46A00F4E710 /* AppDelegate.swift */,
				DB2E87D622A7C46A00F4E710 /* SceneDelegate.swift */,
				DB2E87EC22A7CDF200F4E710 /* LogInViewController.swift */,
				DB2E87EE22A7CE0C00F4E710 /* HomeViewController.swift */,
				DB2E87DA22A7C46A00F4E710 /* Main.storyboard */,
				DB2E87DD22A7C46B00F4E710 /* Assets.xcassets */,
				DB2E87DF22A7C46B00F4E710 /* LaunchScreen.storyboard */,
				DB2E87E222A7C46B00F4E710 /* Info.plist */,
			);
			path = SignInWithAppleDemo;
			sourceTree = "<group>";
		};
		DB2E87E922A7CAAF00F4E710 /* Frameworks */ = {
			isa = PBXGroup;
			children = (
				DB2E87EA22A7CAAF00F4E710 /* AuthenticationServices.framework */,
			);
			name = Frameworks;
			sourceTree = "<group>";
		};
/* End PBXGroup section */

/* Begin PBXNativeTarget section */
		DB2E87D022A7C46A00F4E710 /* SignInWithAppleDemo */ = {
			isa = PBXNativeTarget;
			buildConfigurationList = DB2E87E522A7C46B00F4E710 /* Build configuration list for PBXNativeTarget "SignInWithAppleDemo" */;
			buildPhases = (
				DB2E87CD22A7C46A00F4E710 /* Sources */,
				DB2E87CE22A7C46A00F4E710 /* Frameworks */,
				DB2E87CF22A7C46A00F4E710 /* Resources */,
			);
			buildRules = (
			);
			dependencies = (
			);
			name = SignInWithAppleDemo;
			productName = SignInWithAppleDemo;
			productReference = DB2E87D122A7C46A00F4E710 /* SignInWithAppleDemo.app */;
			productType = "com.apple.product-type.application";
		};
/* End PBXNativeTarget section */

/* Begin PBXProject section */
		DB2E87C922A7C46A00F4E710 /* Project object */ = {
			isa = PBXProject;
			attributes = {
				LastSwiftUpdateCheck = 1100;
				LastUpgradeCheck = 1100;
				ORGANIZATIONNAME = "Developer Insider";
				TargetAttributes = {
					DB2E87D022A7C46A00F4E710 = {
						CreatedOnToolsVersion = 11.0;
					};
				};
			};
			buildConfigurationList = DB2E87CC22A7C46A00F4E710 /* Build configuration list for PBXProject "SignInWithAppleDemo" */;
			compatibilityVersion = "Xcode 9.3";
			developmentRegion = en;
			hasScannedForEncodings = 0;
			knownRegions = (
				en,
				Base,
			);
			mainGroup = DB2E87C822A7C46A00F4E710;
			productRefGroup = DB2E87D222A7C46A00F4E710 /* Products */;
			projectDirPath = "";
			projectRoot = "";
			targets = (
				DB2E87D022A7C46A00F4E710 /* SignInWithAppleDemo */,
			);
		};
/* End PBXProject section */

/* Begin PBXResourcesBuildPhase section */
		DB2E87CF22A7C46A00F4E710 /* Resources */ = {
			isa = PBXResourcesBuildPhase;
			buildActionMask = 2147483647;
			files = (
				DB2E87E122A7C46B00F4E710 /* LaunchScreen.storyboard in Resources */,
				DB2E87DE22A7C46B00F4E710 /* Assets.xcassets in Resources */,
				DB2E87DC22A7C46A00F4E710 /* Main.storyboard in Resources */,
			);
			runOnlyForDeploymentPostprocessing = 0;
		};
/* End PBXResourcesBuildPhase section */

/* Begin PBXSourcesBuildPhase section */
		DB2E87CD22A7C46A00F4E710 /* Sources */ = {
			isa = PBXSourcesBuildPhase;
			buildActionMask = 2147483647;
			files = (
				DB2E87D522A7C46A00F4E710 /* AppDelegate.swift in Sources */,
				DB2E87D722A7C46A00F4E710 /* SceneDelegate.swift in Sources */,
				DB2E87ED22A7CDF200F4E710 /* LogInViewController.swift in Sources */,
				DB2E87EF22A7CE0C00F4E710 /* HomeViewController.swift in Sources */,
			);
			runOnlyForDeploymentPostprocessing = 0;
		};
/* End PBXSourcesBuildPhase section */

/* Begin PBXVariantGroup section */
		DB2E87DA22A7C46A00F4E710 /* Main.storyboard */ = {
			isa = PBXVariantGroup;
			children = (
				DB2E87DB22A7C46A00F4E710 /* Base */,
			);
			name = Main.storyboard;
			sourceTree = "<group>";
		};
		DB2E87DF22A7C46B00F4E710 /* LaunchScreen.storyboard */ = {
			isa = PBXVariantGroup;
			children = (
				DB2E87E022A7C46B00F4E710 /* Base */,
			);
			name = LaunchScreen.storyboard;
			sourceTree = "<group>";
		};
/* End PBXVariantGroup section */

/* Begin XCBuildConfiguration section */
		DB2E87E322A7C46B00F4E710 /* Debug */ = {
			isa = XCBuildConfiguration;
			buildSettings = {
				ALWAYS_SEARCH_USER_PATHS = NO;
				CLANG_ANALYZER_NONNULL = YES;
				CLANG_ANALYZER_NUMBER_OBJECT_CONVERSION = YES_AGGRESSIVE;
				CLANG_CXX_LANGUAGE_STANDARD = "gnu++14";
				CLANG_CXX_LIBRARY = "libc++";
				CLANG_ENABLE_MODULES = YES;
				CLANG_ENABLE_OBJC_ARC = YES;
				CLANG_ENABLE_OBJC_WEAK = YES;
				CLANG_WARN_BLOCK_CAPTURE_AUTORELEASING = YES;
				CLANG_WARN_BOOL_CONVERSION = YES;
				CLANG_WARN_COMMA = YES;
				CLANG_WARN_CONSTANT_CONVERSION = YES;
				CLANG_WARN_DEPRECATED_OBJC_IMPLEMENTATIONS = YES;
				CLANG_WARN_DIRECT_OBJC_ISA_USAGE = YES_ERROR;
				CLANG_WARN_DOCUMENTATION_COMMENTS = YES;
				CLANG_WARN_EMPTY_BODY = YES;
				CLANG_WARN_ENUM_CONVERSION = YES;
				CLANG_WARN_INFINITE_RECURSION = YES;
				CLANG_WARN_INT_CONVERSION = YES;
				CLANG_WARN_NON_LITERAL_NULL_CONVERSION = YES;
				CLANG_WARN_OBJC_IMPLICIT_RETAIN_SELF = YES;
				CLANG_WARN_OBJC_LITERAL_CONVERSION = YES;
				CLANG_WARN_OBJC_ROOT_CLASS = YES_ERROR;
				CLANG_WARN_RANGE_LOOP_ANALYSIS = YES;
				CLANG_WARN_STRICT_PROTOTYPES = YES;
				CLANG_WARN_SUSPICIOUS_MOVE = YES;
				CLANG_WARN_UNGUARDED_AVAILABILITY = YES_AGGRESSIVE;
				CLANG_WARN_UNREACHABLE_CODE = YES;
				CLANG_WARN__DUPLICATE_METHOD_MATCH = YES;
				COPY_PHASE_STRIP = NO;
				DEBUG_INFORMATION_FORMAT = dwarf;
				ENABLE_STRICT_OBJC_MSGSEND = YES;
				ENABLE_TESTABILITY = YES;
				GCC_C_LANGUAGE_STANDARD = gnu11;
				GCC_DYNAMIC_NO_PIC = NO;
				GCC_NO_COMMON_BLOCKS = YES;
				GCC_OPTIMIZATION_LEVEL = 0;
				GCC_PREPROCESSOR_DEFINITIONS = (
					"DEBUG=1",
					"$(inherited)",
				);
				GCC_WARN_64_TO_32_BIT_CONVERSION = YES;
				GCC_WARN_ABOUT_RETURN_TYPE = YES_ERROR;
				GCC_WARN_UNDECLARED_SELECTOR = YES;
				GCC_WARN_UNINITIALIZED_AUTOS = YES_AGGRESSIVE;
				GCC_WARN_UNUSED_FUNCTION = YES;
				GCC_WARN_UNUSED_VARIABLE = YES;
				IPHONEOS_DEPLOYMENT_TARGET = 13.0;
				MTL_ENABLE_DEBUG_INFO = INCLUDE_SOURCE;
				MTL_FAST_MATH = YES;
				ONLY_ACTIVE_ARCH = YES;
				SDKROOT = iphoneos;
				SWIFT_ACTIVE_COMPILATION_CONDITIONS = DEBUG;
				SWIFT_OPTIMIZATION_LEVEL = "-Onone";
			};
			name = Debug;
		};
		DB2E87E422A7C46B00F4E710 /* Release */ = {
			isa = XCBuildConfiguration;
			buildSettings = {
				ALWAYS_SEARCH_USER_PATHS = NO;
				CLANG_ANALYZER_NONNULL = YES;
				CLANG_ANALYZER_NUMBER_OBJECT_CONVERSION = YES_AGGRESSIVE;
				CLANG_CXX_LANGUAGE_STANDARD = "gnu++14";
				CLANG_CXX_LIBRARY = "libc++";
				CLANG_ENABLE_MODULES = YES;
				CLANG_ENABLE_OBJC_ARC = YES;
				CLANG_ENABLE_OBJC_WEAK = YES;
				CLANG_WARN_BLOCK_CAPTURE_AUTORELEASING = YES;
				CLANG_WARN_BOOL_CONVERSION = YES;
				CLANG_WARN_COMMA = YES;
				CLANG_WARN_CONSTANT_CONVERSION = YES;
				CLANG_WARN_DEPRECATED_OBJC_IMPLEMENTATIONS = YES;
				CLANG_WARN_DIRECT_OBJC_ISA_USAGE = YES_ERROR;
				CLANG_WARN_DOCUMENTATION_COMMENTS = YES;
				CLANG_WARN_EMPTY_BODY = YES;
				CLANG_WARN_ENUM_CONVERSION = YES;
				CLANG_WARN_INFINITE_RECURSION = YES;
				CLANG_WARN_INT_CONVERSION = YES;
				CLANG_WARN_NON_LITERAL_NULL_CONVERSION = YES;
				CLANG_WARN_OBJC_IMPLICIT_RETAIN_SELF = YES;
				CLANG_WARN_OBJC_LITERAL_CONVERSION = YES;
				CLANG_WARN_OBJC_ROOT_CLASS = YES_ERROR;
				CLANG_WARN_RANGE_LOOP_ANALYSIS = YES;
				CLANG_WARN_STRICT_PROTOTYPES = YES;
				CLANG_WARN_SUSPICIOUS_MOVE = YES;
				CLANG_WARN_UNGUARDED_AVAILABILITY = YES_AGGRESSIVE;
				CLANG_WARN_UNREACHABLE_CODE = YES;
				CLANG_WARN__DUPLICATE_METHOD_MATCH = YES;
				COPY_PHASE_STRIP = NO;
				DEBUG_INFORMATION_FORMAT = "dwarf-with-dsym";
				ENABLE_NS_ASSERTIONS = NO;
				ENABLE_STRICT_OBJC_MSGSEND = YES;
				GCC_C_LANGUAGE_STANDARD = gnu11;
				GCC_NO_COMMON_BLOCKS = YES;
				GCC_WARN_64_TO_32_BIT_CONVERSION = YES;
				GCC_WARN_ABOUT_RETURN_TYPE = YES_ERROR;
				GCC_WARN_UNDECLARED_SELECTOR = YES;
				GCC_WARN_UNINITIALIZED_AUTOS = YES_AGGRESSIVE;
				GCC_WARN_UNUSED_FUNCTION = YES;
				GCC_WARN_UNUSED_VARIABLE = YES;
				IPHONEOS_DEPLOYMENT_TARGET = 13.0;
				MTL_ENABLE_DEBUG_INFO = NO;
				MTL_FAST_MATH = YES;
				SDKROOT = iphoneos;
				SWIFT_COMPILATION_MODE = wholemodule;
				SWIFT_OPTIMIZATION_LEVEL = "-O";
				VALIDATE_PRODUCT = YES;
			};
			name = Release;
		};
		DB2E87E622A7C46B00F4E710 /* Debug */ = {
			isa = XCBuildConfiguration;
			buildSettings = {
				ASSETCATALOG_COMPILER_APPICON_NAME = AppIcon;
				CODE_SIGN_ENTITLEMENTS = SignInWithAppleDemo/SignInWithAppleDemo.entitlements;
				CODE_SIGN_STYLE = Automatic;
				DEVELOPMENT_TEAM = 3PQ7E4L589;
				INFOPLIST_FILE = SignInWithAppleDemo/Info.plist;
				LD_RUNPATH_SEARCH_PATHS = (
					"$(inherited)",
					"@executable_path/Frameworks",
				);
				PRODUCT_BUNDLE_IDENTIFIER = com.developerinsider.SignInWithAppleDemo;
				PRODUCT_NAME = "$(TARGET_NAME)";
				SWIFT_VERSION = 5.0;
				TARGETED_DEVICE_FAMILY = "1,2";
			};
			name = Debug;
		};
		DB2E87E722A7C46B00F4E710 /* Release */ = {
			isa = XCBuildConfiguration;
			buildSettings = {
				ASSETCATALOG_COMPILER_APPICON_NAME = AppIcon;
				CODE_SIGN_ENTITLEMENTS = SignInWithAppleDemo/SignInWithAppleDemo.entitlements;
				CODE_SIGN_STYLE = Automatic;
				DEVELOPMENT_TEAM = 3PQ7E4L589;
				INFOPLIST_FILE = SignInWithAppleDemo/Info.plist;
				LD_RUNPATH_SEARCH_PATHS = (
					"$(inherited)",
					"@executable_path/Frameworks",
				);
				PRODUCT_BUNDLE_IDENTIFIER = com.developerinsider.SignInWithAppleDemo;
				PRODUCT_NAME = "$(TARGET_NAME)";
				SWIFT_VERSION = 5.0;
				TARGETED_DEVICE_FAMILY = "1,2";
			};
			name = Release;
		};
/* End XCBuildConfiguration section */

/* Begin XCConfigurationList section */
		DB2E87CC22A7C46A00F4E710 /* Build configuration list for PBXProject "SignInWithAppleDemo" */ = {
			isa = XCConfigurationList;
			buildConfigurations = (
				DB2E87E322A7C46B00F4E710 /* Debug */,
				DB2E87E422A7C46B00F4E710 /* Release */,
			);
			defaultConfigurationIsVisible = 0;
			defaultConfigurationName = Release;
		};
		DB2E87E522A7C46B00F4E710 /* Build configuration list for PBXNativeTarget "SignInWithAppleDemo" */ = {
			isa = XCConfigurationList;
			buildConfigurations = (
				DB2E87E622A7C46B00F4E710 /* Debug */,
				DB2E87E722A7C46B00F4E710 /* Release */,
			);
			defaultConfigurationIsVisible = 0;
			defaultConfigurationName = Release;
		};
/* End XCConfigurationList section */
	};
	rootObject = DB2E87C922A7C46A00F4E710 /* Project object */;
}
